
Microsoft Visual Studio Solution File, Format Version 12.00
# Visual Studio 15
VisualStudioVersion = 15.0.28010.2003
MinimumVisualStudioVersion = 10.0.40219.1
Project("{FAE04EC0-301F-11D3-BF4B-00C04F79EFBC}") = "enasproject2", "enasproject2\enasproject2.csproj", "{3FB8CE6F-4177-403D-8CEF-E8588FEB5F40}"
EndProject
Global
	GlobalSection(SolutionConfigurationPlatforms) = preSolution
		Debug|Any CPU = Debug|Any CPU
		Release|Any CPU = Release|Any CPU
	EndGlobalSection
	GlobalSection(ProjectConfigurationPlatforms) = postSolution
		{3FB8CE6F-4177-403D-8CEF-E8588FEB5F40}.Debug|Any CPU.ActiveCfg = Debug|Any CPU
		{3FB8CE6F-4177-403D-8CEF-E8588FEB5F40}.Debug|Any CPU.Build.0 = Debug|Any CPU
		{3FB8CE6F-4177-403D-8CEF-E8588FEB5F40}.Release|Any CPU.ActiveCfg = Release|Any CPU
		{3FB8CE6F-4177-403D-8CEF-E8588FEB5F40}.Release|Any CPU.Build.0 = Release|Any CPU
	EndGlobalSection
	GlobalSection(SolutionProperties) = preSolution
		HideSolutionNode = FALSE
	EndGlobalSection
	GlobalSection(ExtensibilityGlobals) = postSolution
		SolutionGuid = {B803C116-8A2D-4967-8E6B-C5C06A04D818}
	EndGlobalSection
EndGlobal
